
Microsoft Visual Studio Solution File, Format Version 12.00
# Visual Studio Version 16
VisualStudioVersion = 16.0.29123.88
MinimumVisualStudioVersion = 10.0.40219.1
Project("{FAE04EC0-301F-11D3-BF4B-00C04F79EFBC}") = "k163620_Q4", "k163620_Q4.csproj", "{BD9C03C7-C70E-42E6-92F9-29F7C88D7511}"
EndProject
Global
	GlobalSection(SolutionConfigurationPlatforms) = preSolution
		Debug|Any CPU = Debug|Any CPU
		Release|Any CPU = Release|Any CPU
	EndGlobalSection
	GlobalSection(ProjectConfigurationPlatforms) = postSolution
		{BD9C03C7-C70E-42E6-92F9-29F7C88D7511}.Debug|Any CPU.ActiveCfg = Debug|Any CPU
		{BD9C03C7-C70E-42E6-92F9-29F7C88D7511}.Debug|Any CPU.Build.0 = Debug|Any CPU
		{BD9C03C7-C70E-42E6-92F9-29F7C88D7511}.Release|Any CPU.ActiveCfg = Release|Any CPU
		{BD9C03C7-C70E-42E6-92F9-29F7C88D7511}.Release|Any CPU.Build.0 = Release|Any CPU
	EndGlobalSection
	GlobalSection(SolutionProperties) = preSolution
		HideSolutionNode = FALSE
	EndGlobalSection
	GlobalSection(ExtensibilityGlobals) = postSolution
		SolutionGuid = {405E258E-00C2-4C30-948D-37FC54B3D45E}
	EndGlobalSection
EndGlobal
